
Microsoft Visual Studio Solution File, Format Version 12.00
# Visual Studio Version 16
VisualStudioVersion = 16.0.31624.102
MinimumVisualStudioVersion = 10.0.40219.1
Project("{FAE04EC0-301F-11D3-BF4B-00C04F79EFBC}") = "CIS-3342_TeamProject", "CIS-3342_TeamProject\CIS-3342_TeamProject.csproj", "{65C029EB-1E57-41A1-98E8-F66E332EE49B}"
EndProject
Project("{FAE04EC0-301F-11D3-BF4B-00C04F79EFBC}") = "Utilities", "Utilities\Utilities.csproj", "{D56FE808-1A46-497D-9BA4-C731FA753AB1}"
EndProject
Project("{9A19103F-16F7-4668-BE54-9A1E7A4F7556}") = "TP_API", "TP_API\TP_API.csproj", "{31FB2B06-A274-447C-BA0E-742BD3C129E1}"
EndProject
Global
	GlobalSection(SolutionConfigurationPlatforms) = preSolution
		Debug|Any CPU = Debug|Any CPU
		Release|Any CPU = Release|Any CPU
	EndGlobalSection
	GlobalSection(ProjectConfigurationPlatforms) = postSolution
		{65C029EB-1E57-41A1-98E8-F66E332EE49B}.Debug|Any CPU.ActiveCfg = Debug|Any CPU
		{65C029EB-1E57-41A1-98E8-F66E332EE49B}.Debug|Any CPU.Build.0 = Debug|Any CPU
		{65C029EB-1E57-41A1-98E8-F66E332EE49B}.Release|Any CPU.ActiveCfg = Release|Any CPU
		{65C029EB-1E57-41A1-98E8-F66E332EE49B}.Release|Any CPU.Build.0 = Release|Any CPU
		{D56FE808-1A46-497D-9BA4-C731FA753AB1}.Debug|Any CPU.ActiveCfg = Debug|Any CPU
		{D56FE808-1A46-497D-9BA4-C731FA753AB1}.Debug|Any CPU.Build.0 = Debug|Any CPU
		{D56FE808-1A46-497D-9BA4-C731FA753AB1}.Release|Any CPU.ActiveCfg = Release|Any CPU
		{D56FE808-1A46-497D-9BA4-C731FA753AB1}.Release|Any CPU.Build.0 = Release|Any CPU
		{31FB2B06-A274-447C-BA0E-742BD3C129E1}.Debug|Any CPU.ActiveCfg = Debug|Any CPU
		{31FB2B06-A274-447C-BA0E-742BD3C129E1}.Debug|Any CPU.Build.0 = Debug|Any CPU
		{31FB2B06-A274-447C-BA0E-742BD3C129E1}.Release|Any CPU.ActiveCfg = Release|Any CPU
		{31FB2B06-A274-447C-BA0E-742BD3C129E1}.Release|Any CPU.Build.0 = Release|Any CPU
	EndGlobalSection
	GlobalSection(SolutionProperties) = preSolution
		HideSolutionNode = FALSE
	EndGlobalSection
	GlobalSection(ExtensibilityGlobals) = postSolution
		SolutionGuid = {17B0B16A-3795-4A72-8570-49BF9FA9C3AA}
	EndGlobalSection
EndGlobal
